
Microsoft Visual Studio Solution File, Format Version 12.00
# Visual Studio Version 16
VisualStudioVersion = 16.0.30320.27
MinimumVisualStudioVersion = 10.0.40219.1
Project("{FAE04EC0-301F-11D3-BF4B-00C04F79EFBC}") = "GradientBar.UWP", "GradientBar.UWP\GradientBar.UWP.csproj", "{6B662F5C-DCB6-423B-B938-80FEC945C9E7}"
EndProject
Project("{FAE04EC0-301F-11D3-BF4B-00C04F79EFBC}") = "GradientBar.Android", "GradientBar.Android\GradientBar.Android.csproj", "{4350D96E-D2DA-4DD1-8182-89A820F2D9A7}"
EndProject
Project("{FAE04EC0-301F-11D3-BF4B-00C04F79EFBC}") = "GradientBar.iOS", "GradientBar.iOS\GradientBar.iOS.csproj", "{C1133FD5-081D-41F3-A276-D079BB5C12B4}"
EndProject
Project("{9A19103F-16F7-4668-BE54-9A1E7A4F7556}") = "GradientBar", "GradientBar\GradientBar.csproj", "{EBF7E2C7-F5AF-4E03-A7D7-A11AE53A9A09}"
EndProject
Project("{9A19103F-16F7-4668-BE54-9A1E7A4F7556}") = "GradientProgressBar", "GradientProgressBar\GradientProgressBar.csproj", "{0E3AEE4F-A24A-4768-88C9-3E33847CA424}"
EndProject
Global
	GlobalSection(SolutionConfigurationPlatforms) = preSolution
		Debug|Any CPU = Debug|Any CPU
		Debug|ARM = Debug|ARM
		Debug|iPhone = Debug|iPhone
		Debug|iPhoneSimulator = Debug|iPhoneSimulator
		Debug|x64 = Debug|x64
		Debug|x86 = Debug|x86
		Release|Any CPU = Release|Any CPU
		Release|ARM = Release|ARM
		Release|iPhone = Release|iPhone
		Release|iPhoneSimulator = Release|iPhoneSimulator
		Release|x64 = Release|x64
		Release|x86 = Release|x86
	EndGlobalSection
	GlobalSection(ProjectConfigurationPlatforms) = postSolution
		{6B662F5C-DCB6-423B-B938-80FEC945C9E7}.Debug|Any CPU.ActiveCfg = Debug|x86
		{6B662F5C-DCB6-423B-B938-80FEC945C9E7}.Debug|Any CPU.Build.0 = Debug|x86
		{6B662F5C-DCB6-423B-B938-80FEC945C9E7}.Debug|Any CPU.Deploy.0 = Debug|x86
		{6B662F5C-DCB6-423B-B938-80FEC945C9E7}.Debug|ARM.ActiveCfg = Debug|ARM
		{6B662F5C-DCB6-423B-B938-80FEC945C9E7}.Debug|ARM.Build.0 = Debug|ARM
		{6B662F5C-DCB6-423B-B938-80FEC945C9E7}.Debug|ARM.Deploy.0 = Debug|ARM
		{6B662F5C-DCB6-423B-B938-80FEC945C9E7}.Debug|iPhone.ActiveCfg = Debug|x86
		{6B662F5C-DCB6-423B-B938-80FEC945C9E7}.Debug|iPhone.Build.0 = Debug|x86
		{6B662F5C-DCB6-423B-B938-80FEC945C9E7}.Debug|iPhone.Deploy.0 = Debug|x86
		{6B662F5C-DCB6-423B-B938-80FEC945C9E7}.Debug|iPhoneSimulator.ActiveCfg = Debug|x86
		{6B662F5C-DCB6-423B-B938-80FEC945C9E7}.Debug|iPhoneSimulator.Build.0 = Debug|x86
		{6B662F5C-DCB6-423B-B938-80FEC945C9E7}.Debug|iPhoneSimulator.Deploy.0 = Debug|x86
		{6B662F5C-DCB6-423B-B938-80FEC945C9E7}.Debug|x64.ActiveCfg = Debug|x64
		{6B662F5C-DCB6-423B-B938-80FEC945C9E7}.Debug|x64.Build.0 = Debug|x64
		{6B662F5C-DCB6-423B-B938-80FEC945C9E7}.Debug|x64.Deploy.0 = Debug|x64
		{6B662F5C-DCB6-423B-B938-80FEC945C9E7}.Debug|x86.ActiveCfg = Debug|x86
		{6B662F5C-DCB6-423B-B938-80FEC945C9E7}.Debug|x86.Build.0 = Debug|x86
		{6B662F5C-DCB6-423B-B938-80FEC945C9E7}.Debug|x86.Deploy.0 = Debug|x86
		{6B662F5C-DCB6-423B-B938-80FEC945C9E7}.Release|Any CPU.ActiveCfg = Release|x86
		{6B662F5C-DCB6-423B-B938-80FEC945C9E7}.Release|Any CPU.Build.0 = Release|x86
		{6B662F5C-DCB6-423B-B938-80FEC945C9E7}.Release|Any CPU.Deploy.0 = Release|x86
		{6B662F5C-DCB6-423B-B938-80FEC945C9E7}.Release|ARM.ActiveCfg = Release|ARM
		{6B662F5C-DCB6-423B-B938-80FEC945C9E7}.Release|ARM.Build.0 = Release|ARM
		{6B662F5C-DCB6-423B-B938-80FEC945C9E7}.Release|ARM.Deploy.0 = Release|ARM
		{6B662F5C-DCB6-423B-B938-80FEC945C9E7}.Release|iPhone.ActiveCfg = Release|x86
		{6B662F5C-DCB6-423B-B938-80FEC945C9E7}.Release|iPhone.Build.0 = Release|x86
		{6B662F5C-DCB6-423B-B938-80FEC945C9E7}.Release|iPhone.Deploy.0 = Release|x86
		{6B662F5C-DCB6-423B-B938-80FEC945C9E7}.Release|iPhoneSimulator.ActiveCfg = Release|x86
		{6B662F5C-DCB6-423B-B938-80FEC945C9E7}.Release|iPhoneSimulator.Build.0 = Release|x86
		{6B662F5C-DCB6-423B-B938-80FEC945C9E7}.Release|iPhoneSimulator.Deploy.0 = Release|x86
		{6B662F5C-DCB6-423B-B938-80FEC945C9E7}.Release|x64.ActiveCfg = Release|x64
		{6B662F5C-DCB6-423B-B938-80FEC945C9E7}.Release|x64.Build.0 = Release|x64
		{6B662F5C-DCB6-423B-B938-80FEC945C9E7}.Release|x64.Deploy.0 = Release|x64
		{6B662F5C-DCB6-423B-B938-80FEC945C9E7}.Release|x86.ActiveCfg = Release|x86
		{6B662F5C-DCB6-423B-B938-80FEC945C9E7}.Release|x86.Build.0 = Release|x86
		{6B662F5C-DCB6-423B-B938-80FEC945C9E7}.Release|x86.Deploy.0 = Release|x86
		{4350D96E-D2DA-4DD1-8182-89A820F2D9A7}.Debug|Any CPU.ActiveCfg = Debug|Any CPU
		{4350D96E-D2DA-4DD1-8182-89A820F2D9A7}.Debug|Any CPU.Build.0 = Debug|Any CPU
		{4350D96E-D2DA-4DD1-8182-89A820F2D9A7}.Debug|Any CPU.Deploy.0 = Debug|Any CPU
		{4350D96E-D2DA-4DD1-8182-89A820F2D9A7}.Debug|ARM.ActiveCfg = Debug|Any CPU
		{4350D96E-D2DA-4DD1-8182-89A820F2D9A7}.Debug|ARM.Build.0 = Debug|Any CPU
		{4350D96E-D2DA-4DD1-8182-89A820F2D9A7}.Debug|ARM.Deploy.0 = Debug|Any CPU
		{4350D96E-D2DA-4DD1-8182-89A820F2D9A7}.Debug|iPhone.ActiveCfg = Debug|Any CPU
		{4350D96E-D2DA-4DD1-8182-89A820F2D9A7}.Debug|iPhone.Build.0 = Debug|Any CPU
		{4350D96E-D2DA-4DD1-8182-89A820F2D9A7}.Debug|iPhone.Deploy.0 = Debug|Any CPU
		{4350D96E-D2DA-4DD1-8182-89A820F2D9A7}.Debug|iPhoneSimulator.ActiveCfg = Debug|Any CPU
		{4350D96E-D2DA-4DD1-8182-89A820F2D9A7}.Debug|iPhoneSimulator.Build.0 = Debug|Any CPU
		{4350D96E-D2DA-4DD1-8182-89A820F2D9A7}.Debug|iPhoneSimulator.Deploy.0 = Debug|Any CPU
		{4350D96E-D2DA-4DD1-8182-89A820F2D9A7}.Debug|x64.ActiveCfg = Debug|Any CPU
		{4350D96E-D2DA-4DD1-8182-89A820F2D9A7}.Debug|x64.Build.0 = Debug|Any CPU
		{4350D96E-D2DA-4DD1-8182-89A820F2D9A7}.Debug|x64.Deploy.0 = Debug|Any CPU
		{4350D96E-D2DA-4DD1-8182-89A820F2D9A7}.Debug|x86.ActiveCfg = Debug|Any CPU
		{4350D96E-D2DA-4DD1-8182-89A820F2D9A7}.Debug|x86.Build.0 = Debug|Any CPU
		{4350D96E-D2DA-4DD1-8182-89A820F2D9A7}.Debug|x86.Deploy.0 = Debug|Any CPU
		{4350D96E-D2DA-4DD1-8182-89A820F2D9A7}.Release|Any CPU.ActiveCfg = Release|Any CPU
		{4350D96E-D2DA-4DD1-8182-89A820F2D9A7}.Release|Any CPU.Build.0 = Release|Any CPU
		{4350D96E-D2DA-4DD1-8182-89A820F2D9A7}.Release|Any CPU.Deploy.0 = Release|Any CPU
		{4350D96E-D2DA-4DD1-8182-89A820F2D9A7}.Release|ARM.ActiveCfg = Release|Any CPU
		{4350D96E-D2DA-4DD1-8182-89A820F2D9A7}.Release|ARM.Build.0 = Release|Any CPU
		{4350D96E-D2DA-4DD1-8182-89A820F2D9A7}.Release|ARM.Deploy.0 = Release|Any CPU
		{4350D96E-D2DA-4DD1-8182-89A820F2D9A7}.Release|iPhone.ActiveCfg = Release|Any CPU
		{4350D96E-D2DA-4DD1-8182-89A820F2D9A7}.Release|iPhone.Build.0 = Release|Any CPU
		{4350D96E-D2DA-4DD1-8182-89A820F2D9A7}.Release|iPhone.Deploy.0 = Release|Any CPU
		{4350D96E-D2DA-4DD1-8182-89A820F2D9A7}.Release|iPhoneSimulator.ActiveCfg = Release|Any CPU
		{4350D96E-D2DA-4DD1-8182-89A820F2D9A7}.Release|iPhoneSimulator.Build.0 = Release|Any CPU
		{4350D96E-D2DA-4DD1-8182-89A820F2D9A7}.Release|iPhoneSimulator.Deploy.0 = Release|Any CPU
		{4350D96E-D2DA-4DD1-8182-89A820F2D9A7}.Release|x64.ActiveCfg = Release|Any CPU
		{4350D96E-D2DA-4DD1-8182-89A820F2D9A7}.Release|x64.Build.0 = Release|Any CPU
		{4350D96E-D2DA-4DD1-8182-89A820F2D9A7}.Release|x64.Deploy.0 = Release|Any CPU
		{4350D96E-D2DA-4DD1-8182-89A820F2D9A7}.Release|x86.ActiveCfg = Release|Any CPU
		{4350D96E-D2DA-4DD1-8182-89A820F2D9A7}.Release|x86.Build.0 = Release|Any CPU
		{4350D96E-D2DA-4DD1-8182-89A820F2D9A7}.Release|x86.Deploy.0 = Release|Any CPU
		{C1133FD5-081D-41F3-A276-D079BB5C12B4}.Debug|Any CPU.ActiveCfg = Debug|iPhone
		{C1133FD5-081D-41F3-A276-D079BB5C12B4}.Debug|Any CPU.Build.0 = Debug|iPhone
		{C1133FD5-081D-41F3-A276-D079BB5C12B4}.Debug|Any CPU.Deploy.0 = Debug|iPhone
		{C1133FD5-081D-41F3-A276-D079BB5C12B4}.Debug|ARM.ActiveCfg = Debug|iPhone
		{C1133FD5-081D-41F3-A276-D079BB5C12B4}.Debug|ARM.Build.0 = Debug|iPhone
		{C1133FD5-081D-41F3-A276-D079BB5C12B4}.Debug|ARM.Deploy.0 = Debug|iPhone
		{C1133FD5-081D-41F3-A276-D079BB5C12B4}.Debug|iPhone.ActiveCfg = Debug|iPhone
		{C1133FD5-081D-41F3-A276-D079BB5C12B4}.Debug|iPhone.Build.0 = Debug|iPhone
		{C1133FD5-081D-41F3-A276-D079BB5C12B4}.Debug|iPhone.Deploy.0 = Debug|iPhone
		{C1133FD5-081D-41F3-A276-D079BB5C12B4}.Debug|iPhoneSimulator.ActiveCfg = Debug|iPhoneSimulator
		{C1133FD5-081D-41F3-A276-D079BB5C12B4}.Debug|iPhoneSimulator.Build.0 = Debug|iPhoneSimulator
		{C1133FD5-081D-41F3-A276-D079BB5C12B4}.Debug|iPhoneSimulator.Deploy.0 = Debug|iPhoneSimulator
		{C1133FD5-081D-41F3-A276-D079BB5C12B4}.Debug|x64.ActiveCfg = Debug|iPhone
		{C1133FD5-081D-41F3-A276-D079BB5C12B4}.Debug|x64.Build.0 = Debug|iPhone
		{C1133FD5-081D-41F3-A276-D079BB5C12B4}.Debug|x64.Deploy.0 = Debug|iPhone
		{C1133FD5-081D-41F3-A276-D079BB5C12B4}.Debug|x86.ActiveCfg = Debug|iPhone
		{C1133FD5-081D-41F3-A276-D079BB5C12B4}.Debug|x86.Build.0 = Debug|iPhone
		{C1133FD5-081D-41F3-A276-D079BB5C12B4}.Debug|x86.Deploy.0 = Debug|iPhone
		{C1133FD5-081D-41F3-A276-D079BB5C12B4}.Release|Any CPU.ActiveCfg = Release|iPhone
		{C1133FD5-081D-41F3-A276-D079BB5C12B4}.Release|Any CPU.Build.0 = Release|iPhone
		{C1133FD5-081D-41F3-A276-D079BB5C12B4}.Release|Any CPU.Deploy.0 = Release|iPhone
		{C1133FD5-081D-41F3-A276-D079BB5C12B4}.Release|ARM.ActiveCfg = Release|iPhone
		{C1133FD5-081D-41F3-A276-D079BB5C12B4}.Release|ARM.Build.0 = Release|iPhone
		{C1133FD5-081D-41F3-A276-D079BB5C12B4}.Release|ARM.Deploy.0 = Release|iPhone
		{C1133FD5-081D-41F3-A276-D079BB5C12B4}.Release|iPhone.ActiveCfg = Release|iPhone
		{C1133FD5-081D-41F3-A276-D079BB5C12B4}.Release|iPhone.Build.0 = Release|iPhone
		{C1133FD5-081D-41F3-A276-D079BB5C12B4}.Release|iPhone.Deploy.0 = Release|iPhone
		{C1133FD5-081D-41F3-A276-D079BB5C12B4}.Release|iPhoneSimulator.ActiveCfg = Release|iPhoneSimulator
		{C1133FD5-081D-41F3-A276-D079BB5C12B4}.Release|iPhoneSimulator.Build.0 = Release|iPhoneSimulator
		{C1133FD5-081D-41F3-A276-D079BB5C12B4}.Release|iPhoneSimulator.Deploy.0 = Release|iPhoneSimulator
		{C1133FD5-081D-41F3-A276-D079BB5C12B4}.Release|x64.ActiveCfg = Release|iPhone
		{C1133FD5-081D-41F3-A276-D079BB5C12B4}.Release|x64.Build.0 = Release|iPhone
		{C1133FD5-081D-41F3-A276-D079BB5C12B4}.Release|x64.Deploy.0 = Release|iPhone
		{C1133FD5-081D-41F3-A276-D079BB5C12B4}.Release|x86.ActiveCfg = Release|iPhone
		{C1133FD5-081D-41F3-A276-D079BB5C12B4}.Release|x86.Build.0 = Release|iPhone
		{C1133FD5-081D-41F3-A276-D079BB5C12B4}.Release|x86.Deploy.0 = Release|iPhone
		{EBF7E2C7-F5AF-4E03-A7D7-A11AE53A9A09}.Debug|Any CPU.ActiveCfg = Debug|Any CPU
		{EBF7E2C7-F5AF-4E03-A7D7-A11AE53A9A09}.Debug|Any CPU.Build.0 = Debug|Any CPU
		{EBF7E2C7-F5AF-4E03-A7D7-A11AE53A9A09}.Debug|Any CPU.Deploy.0 = Debug|Any CPU
		{EBF7E2C7-F5AF-4E03-A7D7-A11AE53A9A09}.Debug|ARM.ActiveCfg = Debug|Any CPU
		{EBF7E2C7-F5AF-4E03-A7D7-A11AE53A9A09}.Debug|ARM.Build.0 = Debug|Any CPU
		{EBF7E2C7-F5AF-4E03-A7D7-A11AE53A9A09}.Debug|ARM.Deploy.0 = Debug|Any CPU
		{EBF7E2C7-F5AF-4E03-A7D7-A11AE53A9A09}.Debug|iPhone.ActiveCfg = Debug|Any CPU
		{EBF7E2C7-F5AF-4E03-A7D7-A11AE53A9A09}.Debug|iPhone.Build.0 = Debug|Any CPU
		{EBF7E2C7-F5AF-4E03-A7D7-A11AE53A9A09}.Debug|iPhone.Deploy.0 = Debug|Any CPU
		{EBF7E2C7-F5AF-4E03-A7D7-A11AE53A9A09}.Debug|iPhoneSimulator.ActiveCfg = Debug|Any CPU
		{EBF7E2C7-F5AF-4E03-A7D7-A11AE53A9A09}.Debug|iPhoneSimulator.Build.0 = Debug|Any CPU
		{EBF7E2C7-F5AF-4E03-A7D7-A11AE53A9A09}.Debug|iPhoneSimulator.Deploy.0 = Debug|Any CPU
		{EBF7E2C7-F5AF-4E03-A7D7-A11AE53A9A09}.Debug|x64.ActiveCfg = Debug|Any CPU
		{EBF7E2C7-F5AF-4E03-A7D7-A11AE53A9A09}.Debug|x64.Build.0 = Debug|Any CPU
		{EBF7E2C7-F5AF-4E03-A7D7-A11AE53A9A09}.Debug|x64.Deploy.0 = Debug|Any CPU
		{EBF7E2C7-F5AF-4E03-A7D7-A11AE53A9A09}.Debug|x86.ActiveCfg = Debug|Any CPU
		{EBF7E2C7-F5AF-4E03-A7D7-A11AE53A9A09}.Debug|x86.Build.0 = Debug|Any CPU
		{EBF7E2C7-F5AF-4E03-A7D7-A11AE53A9A09}.Debug|x86.Deploy.0 = Debug|Any CPU
		{EBF7E2C7-F5AF-4E03-A7D7-A11AE53A9A09}.Release|Any CPU.ActiveCfg = Release|Any CPU
		{EBF7E2C7-F5AF-4E03-A7D7-A11AE53A9A09}.Release|Any CPU.Build.0 = Release|Any CPU
		{EBF7E2C7-F5AF-4E03-A7D7-A11AE53A9A09}.Release|Any CPU.Deploy.0 = Release|Any CPU
		{EBF7E2C7-F5AF-4E03-A7D7-A11AE53A9A09}.Release|ARM.ActiveCfg = Release|Any CPU
		{EBF7E2C7-F5AF-4E03-A7D7-A11AE53A9A09}.Release|ARM.Build.0 = Release|Any CPU
		{EBF7E2C7-F5AF-4E03-A7D7-A11AE53A9A09}.Release|ARM.Deploy.0 = Release|Any CPU
		{EBF7E2C7-F5AF-4E03-A7D7-A11AE53A9A09}.Release|iPhone.ActiveCfg = Release|Any CPU
		{EBF7E2C7-F5AF-4E03-A7D7-A11AE53A9A09}.Release|iPhone.Build.0 = Release|Any CPU
		{EBF7E2C7-F5AF-4E03-A7D7-A11AE53A9A09}.Release|iPhone.Deploy.0 = Release|Any CPU
		{EBF7E2C7-F5AF-4E03-A7D7-A11AE53A9A09}.Release|iPhoneSimulator.ActiveCfg = Release|Any CPU
		{EBF7E2C7-F5AF-4E03-A7D7-A11AE53A9A09}.Release|iPhoneSimulator.Build.0 = Release|Any CPU
		{EBF7E2C7-F5AF-4E03-A7D7-A11AE53A9A09}.Release|iPhoneSimulator.Deploy.0 = Release|Any CPU
		{EBF7E2C7-F5AF-4E03-A7D7-A11AE53A9A09}.Release|x64.ActiveCfg = Release|Any CPU
		{EBF7E2C7-F5AF-4E03-A7D7-A11AE53A9A09}.Release|x64.Build.0 = Release|Any CPU
		{EBF7E2C7-F5AF-4E03-A7D7-A11AE53A9A09}.Release|x64.Deploy.0 = Release|Any CPU
		{EBF7E2C7-F5AF-4E03-A7D7-A11AE53A9A09}.Release|x86.ActiveCfg = Release|Any CPU
		{EBF7E2C7-F5AF-4E03-A7D7-A11AE53A9A09}.Release|x86.Build.0 = Release|Any CPU
		{EBF7E2C7-F5AF-4E03-A7D7-A11AE53A9A09}.Release|x86.Deploy.0 = Release|Any CPU
		{0E3AEE4F-A24A-4768-88C9-3E33847CA424}.Debug|Any CPU.ActiveCfg = Debug|Any CPU
		{0E3AEE4F-A24A-4768-88C9-3E33847CA424}.Debug|Any CPU.Build.0 = Debug|Any CPU
		{0E3AEE4F-A24A-4768-88C9-3E33847CA424}.Debug|ARM.ActiveCfg = Debug|Any CPU
		{0E3AEE4F-A24A-4768-88C9-3E33847CA424}.Debug|ARM.Build.0 = Debug|Any CPU
		{0E3AEE4F-A24A-4768-88C9-3E33847CA424}.Debug|iPhone.ActiveCfg = Debug|Any CPU
		{0E3AEE4F-A24A-4768-88C9-3E33847CA424}.Debug|iPhone.Build.0 = Debug|Any CPU
		{0E3AEE4F-A24A-4768-88C9-3E33847CA424}.Debug|iPhoneSimulator.ActiveCfg = Debug|Any CPU
		{0E3AEE4F-A24A-4768-88C9-3E33847CA424}.Debug|iPhoneSimulator.Build.0 = Debug|Any CPU
		{0E3AEE4F-A24A-4768-88C9-3E33847CA424}.Debug|x64.ActiveCfg = Debug|Any CPU
		{0E3AEE4F-A24A-4768-88C9-3E33847CA424}.Debug|x64.Build.0 = Debug|Any CPU
		{0E3AEE4F-A24A-4768-88C9-3E33847CA424}.Debug|x86.ActiveCfg = Debug|Any CPU
		{0E3AEE4F-A24A-4768-88C9-3E33847CA424}.Debug|x86.Build.0 = Debug|Any CPU
		{0E3AEE4F-A24A-4768-88C9-3E33847CA424}.Release|Any CPU.ActiveCfg = Release|Any CPU
		{0E3AEE4F-A24A-4768-88C9-3E33847CA424}.Release|Any CPU.Build.0 = Release|Any CPU
		{0E3AEE4F-A24A-4768-88C9-3E33847CA424}.Release|ARM.ActiveCfg = Release|Any CPU
		{0E3AEE4F-A24A-4768-88C9-3E33847CA424}.Release|ARM.Build.0 = Release|Any CPU
		{0E3AEE4F-A24A-4768-88C9-3E33847CA424}.Release|iPhone.ActiveCfg = Release|Any CPU
		{0E3AEE4F-A24A-4768-88C9-3E33847CA424}.Release|iPhone.Build.0 = Release|Any CPU
		{0E3AEE4F-A24A-4768-88C9-3E33847CA424}.Release|iPhoneSimulator.ActiveCfg = Release|Any CPU
		{0E3AEE4F-A24A-4768-88C9-3E33847CA424}.Release|iPhoneSimulator.Build.0 = Release|Any CPU
		{0E3AEE4F-A24A-4768-88C9-3E33847CA424}.Release|x64.ActiveCfg = Release|Any CPU
		{0E3AEE4F-A24A-4768-88C9-3E33847CA424}.Release|x64.Build.0 = Release|Any CPU
		{0E3AEE4F-A24A-4768-88C9-3E33847CA424}.Release|x86.ActiveCfg = Release|Any CPU
		{0E3AEE4F-A24A-4768-88C9-3E33847CA424}.Release|x86.Build.0 = Release|Any CPU
	EndGlobalSection
	GlobalSection(SolutionProperties) = preSolution
		HideSolutionNode = FALSE
	EndGlobalSection
	GlobalSection(ExtensibilityGlobals) = postSolution
		SolutionGuid = {8B021A40-74CC-4BB0-8F47-486E556984C7}
	EndGlobalSection
EndGlobal
